
Microsoft Visual Studio Solution File, Format Version 12.00
# Visual Studio Version 17
VisualStudioVersion = 17.6.33829.357
MinimumVisualStudioVersion = 10.0.40219.1
Project("{FAE04EC0-301F-11D3-BF4B-00C04F79EFBC}") = "MapWhen", "MapWhen\MapWhen.csproj", "{07BBF3D6-42DF-4BDD-9983-AD9C04056598}"
EndProject
Global
	GlobalSection(SolutionConfigurationPlatforms) = preSolution
		Debug|Any CPU = Debug|Any CPU
		Release|Any CPU = Release|Any CPU
	EndGlobalSection
	GlobalSection(ProjectConfigurationPlatforms) = postSolution
		{07BBF3D6-42DF-4BDD-9983-AD9C04056598}.Debug|Any CPU.ActiveCfg = Debug|Any CPU
		{07BBF3D6-42DF-4BDD-9983-AD9C04056598}.Debug|Any CPU.Build.0 = Debug|Any CPU
		{07BBF3D6-42DF-4BDD-9983-AD9C04056598}.Release|Any CPU.ActiveCfg = Release|Any CPU
		{07BBF3D6-42DF-4BDD-9983-AD9C04056598}.Release|Any CPU.Build.0 = Release|Any CPU
	EndGlobalSection
	GlobalSection(SolutionProperties) = preSolution
		HideSolutionNode = FALSE
	EndGlobalSection
	GlobalSection(ExtensibilityGlobals) = postSolution
		SolutionGuid = {46EE35E1-8229-4D33-8BE6-19F37718974B}
	EndGlobalSection
EndGlobal
